// !$*UTF8*$!
{
	archiveVersion = 1;
	classes = {
	};
	objectVersion = 46;
	objects = {

/* Begin PBXBuildFile section */
		1DDD582D0DA1D0D100B32029 /* MainMenu.xib in Resources */ = {isa = PBXBuildFile; fileRef = 1DDD582A0DA1D0D100B32029 /* MainMenu.xib */; };
		2234468B120DAA910017F3CC /* StatExtensions.m in Sources */ = {isa = PBXBuildFile; fileRef = 2234468A120DAA910017F3CC /* StatExtensions.m */; };
		2237C1E215C2011A000FF3A4 /* Cocoa.framework in Frameworks */ = {isa = PBXBuildFile; fileRef = 2237C1E115C2011A000FF3A4 /* Cocoa.framework */; };
		2294ACE311FDAF5D00EA755D /* Ping.aiff in Resources */ = {isa = PBXBuildFile; fileRef = 2294ACE211FDAF5D00EA755D /* Ping.aiff */; };
		2299D5DD11EA717A00B01EA9 /* OpticalImage.M in Sources */ = {isa = PBXBuildFile; fileRef = 2299D5DB11EA717A00B01EA9 /* OpticalImage.M */; };
		2299E1CC11F70BE100B01EA9 /* AppController.m in Sources */ = {isa = PBXBuildFile; fileRef = 2299E1CB11F70BE100B01EA9 /* AppController.m */; };
		22EFA5BA18441A490018C2BF /* Accelerate.framework in Frameworks */ = {isa = PBXBuildFile; fileRef = 22EFA5B918441A490018C2BF /* Accelerate.framework */; };
		22F159A91A19F5F80023182C /* IKAROS_Math.cc in Sources */ = {isa = PBXBuildFile; fileRef = 22F159A61A19F5F80023182C /* IKAROS_Math.cc */; };
		22F159AC1A19F67A0023182C /* IKAROS_Utils.cc in Sources */ = {isa = PBXBuildFile; fileRef = 22F159AA1A19F67A0023182C /* IKAROS_Utils.cc */; };
		22F159AF1A19F6AA0023182C /* libpng.dylib in Frameworks */ = {isa = PBXBuildFile; fileRef = 22F159AD1A19F6AA0023182C /* libpng.dylib */; settings = {ATTRIBUTES = (Weak, ); }; };
		22F159B01A19F6AA0023182C /* libjpeg.dylib in Frameworks */ = {isa = PBXBuildFile; fileRef = 22F159AE1A19F6AA0023182C /* libjpeg.dylib */; settings = {ATTRIBUTES = (Weak, ); }; };
		22F159B21A1ABD480023182C /* Quartz.framework in Frameworks */ = {isa = PBXBuildFile; fileRef = 22F159B11A1ABD480023182C /* Quartz.framework */; };
		22F5BB221587FA90006E8BD4 /* IOKit.framework in Frameworks */ = {isa = PBXBuildFile; fileRef = 22F5BB211587FA90006E8BD4 /* IOKit.framework */; };
		8D15AC2C0486D014006FF6A4 /* Credits.rtf in Resources */ = {isa = PBXBuildFile; fileRef = 2A37F4B9FDCFA73011CA2CEA /* Credits.rtf */; };
		8D15AC2F0486D014006FF6A4 /* InfoPlist.strings in Resources */ = {isa = PBXBuildFile; fileRef = 089C165FFE840EACC02AAC07 /* InfoPlist.strings */; };
		8D15AC320486D014006FF6A4 /* main.m in Sources */ = {isa = PBXBuildFile; fileRef = 2A37F4B0FDCFA73011CA2CEA /* main.m */; settings = {ATTRIBUTES = (); }; };
/* End PBXBuildFile section */

/* Begin PBXFileReference section */
		089C1660FE840EACC02AAC07 /* English */ = {isa = PBXFileReference; fileEncoding = 4; lastKnownFileType = text.plist.strings; name = English; path = English.lproj/InfoPlist.strings; sourceTree = "<group>"; };
		13E42FBA07B3F13500E4EEF1 /* CoreData.framework */ = {isa = PBXFileReference; lastKnownFileType = wrapper.framework; name = CoreData.framework; path = /System/Library/Frameworks/CoreData.framework; sourceTree = "<absolute>"; };
		1DDD582B0DA1D0D100B32029 /* English */ = {isa = PBXFileReference; lastKnownFileType = file.xib; name = English; path = English.lproj/MainMenu.xib; sourceTree = "<group>"; };
		22344689120DAA910017F3CC /* StatExtensions.h */ = {isa = PBXFileReference; fileEncoding = 4; lastKnownFileType = sourcecode.c.h; path = StatExtensions.h; sourceTree = "<group>"; };
		2234468A120DAA910017F3CC /* StatExtensions.m */ = {isa = PBXFileReference; fileEncoding = 4; lastKnownFileType = sourcecode.c.objc; path = StatExtensions.m; sourceTree = "<group>"; };
		2237C1E115C2011A000FF3A4 /* Cocoa.framework */ = {isa = PBXFileReference; lastKnownFileType = wrapper.framework; name = Cocoa.framework; path = System/Library/Frameworks/Cocoa.framework; sourceTree = SDKROOT; };
		2294ACE211FDAF5D00EA755D /* Ping.aiff */ = {isa = PBXFileReference; lastKnownFileType = audio.aiff; path = Ping.aiff; sourceTree = "<group>"; };
		2299D5DB11EA717A00B01EA9 /* OpticalImage.M */ = {isa = PBXFileReference; fileEncoding = 4; lastKnownFileType = sourcecode.cpp.objcpp; path = OpticalImage.M; sourceTree = "<group>"; };
		2299D5DC11EA717A00B01EA9 /* OpticalImage.h */ = {isa = PBXFileReference; fileEncoding = 4; lastKnownFileType = sourcecode.c.h; path = OpticalImage.h; sourceTree = "<group>"; };
		2299E1CA11F70BE100B01EA9 /* AppController.h */ = {isa = PBXFileReference; fileEncoding = 4; lastKnownFileType = sourcecode.c.h; path = AppController.h; sourceTree = "<group>"; };
		2299E1CB11F70BE100B01EA9 /* AppController.m */ = {isa = PBXFileReference; fileEncoding = 4; lastKnownFileType = sourcecode.c.objc; path = AppController.m; sourceTree = "<group>"; };
		22EFA5B918441A490018C2BF /* Accelerate.framework */ = {isa = PBXFileReference; lastKnownFileType = wrapper.framework; name = Accelerate.framework; path = System/Library/Frameworks/Accelerate.framework; sourceTree = SDKROOT; };
		22F159A61A19F5F80023182C /* IKAROS_Math.cc */ = {isa = PBXFileReference; fileEncoding = 4; lastKnownFileType = sourcecode.cpp.cpp; path = IKAROS_Math.cc; sourceTree = "<group>"; };
		22F159A71A19F5F80023182C /* IKAROS_Math.h */ = {isa = PBXFileReference; fileEncoding = 4; lastKnownFileType = sourcecode.c.h; path = IKAROS_Math.h; sourceTree = "<group>"; };
		22F159A81A19F5F80023182C /* IKAROS_System.h */ = {isa = PBXFileReference; fileEncoding = 4; lastKnownFileType = sourcecode.c.h; path = IKAROS_System.h; sourceTree = "<group>"; };
		22F159AA1A19F67A0023182C /* IKAROS_Utils.cc */ = {isa = PBXFileReference; fileEncoding = 4; lastKnownFileType = sourcecode.cpp.cpp; path = IKAROS_Utils.cc; sourceTree = "<group>"; };
		22F159AB1A19F67A0023182C /* IKAROS_Utils.h */ = {isa = PBXFileReference; fileEncoding = 4; lastKnownFileType = sourcecode.c.h; path = IKAROS_Utils.h; sourceTree = "<group>"; };
		22F159AD1A19F6AA0023182C /* libpng.dylib */ = {isa = PBXFileReference; lastKnownFileType = "compiled.mach-o.dylib"; name = libpng.dylib; path = ../../../../usr/local/lib/libpng.dylib; sourceTree = "<group>"; };
		22F159AE1A19F6AA0023182C /* libjpeg.dylib */ = {isa = PBXFileReference; lastKnownFileType = "compiled.mach-o.dylib"; name = libjpeg.dylib; path = "../../../../opt/libjpeg-turbo/lib/libjpeg.dylib"; sourceTree = "<group>"; };
		22F159B11A1ABD480023182C /* Quartz.framework */ = {isa = PBXFileReference; lastKnownFileType = wrapper.framework; name = Quartz.framework; path = ../../../../System/Library/Frameworks/Quartz.framework; sourceTree = "<group>"; };
		22F588CE1AB479FA00E68F39 /* Readme.md */ = {isa = PBXFileReference; fileEncoding = 4; lastKnownFileType = net.daringfireball.markdown; name = Readme.md; path = ../Readme.md; sourceTree = "<group>"; };
		22F5BB211587FA90006E8BD4 /* IOKit.framework */ = {isa = PBXFileReference; lastKnownFileType = wrapper.framework; name = IOKit.framework; path = System/Library/Frameworks/IOKit.framework; sourceTree = SDKROOT; };
		2564AD2C0F5327BB00F57823 /* Optima_Prefix.pch */ = {isa = PBXFileReference; fileEncoding = 4; lastKnownFileType = sourcecode.c.h; path = Optima_Prefix.pch; sourceTree = "<group>"; };
		2A37F4B0FDCFA73011CA2CEA /* main.m */ = {isa = PBXFileReference; fileEncoding = 4; lastKnownFileType = sourcecode.c.objc; path = main.m; sourceTree = "<group>"; };
		2A37F4BAFDCFA73011CA2CEA /* English */ = {isa = PBXFileReference; lastKnownFileType = text.rtf; name = English; path = English.lproj/Credits.rtf; sourceTree = "<group>"; };
		2A37F4C4FDCFA73011CA2CEA /* AppKit.framework */ = {isa = PBXFileReference; lastKnownFileType = wrapper.framework; name = AppKit.framework; path = /System/Library/Frameworks/AppKit.framework; sourceTree = "<absolute>"; };
		2A37F4C5FDCFA73011CA2CEA /* Foundation.framework */ = {isa = PBXFileReference; lastKnownFileType = wrapper.framework; name = Foundation.framework; path = /System/Library/Frameworks/Foundation.framework; sourceTree = "<absolute>"; };
		8D15AC360486D014006FF6A4 /* Optima-Info.plist */ = {isa = PBXFileReference; fileEncoding = 4; lastKnownFileType = text.plist.xml; path = "Optima-Info.plist"; sourceTree = "<group>"; };
		8D15AC370486D014006FF6A4 /* Optima.app */ = {isa = PBXFileReference; explicitFileType = wrapper.application; includeInIndex = 0; path = Optima.app; sourceTree = BUILT_PRODUCTS_DIR; };
/* End PBXFileReference section */

/* Begin PBXFrameworksBuildPhase section */
		8D15AC330486D014006FF6A4 /* Frameworks */ = {
			isa = PBXFrameworksBuildPhase;
			buildActionMask = 2147483647;
			files = (
				22EFA5BA18441A490018C2BF /* Accelerate.framework in Frameworks */,
				22F5BB221587FA90006E8BD4 /* IOKit.framework in Frameworks */,
				22F159B01A19F6AA0023182C /* libjpeg.dylib in Frameworks */,
				22F159B21A1ABD480023182C /* Quartz.framework in Frameworks */,
				22F159AF1A19F6AA0023182C /* libpng.dylib in Frameworks */,
				2237C1E215C2011A000FF3A4 /* Cocoa.framework in Frameworks */,
			);
			runOnlyForDeploymentPostprocessing = 0;
		};
/* End PBXFrameworksBuildPhase section */

/* Begin PBXGroup section */
		1058C7A6FEA54F5311CA2CBB /* Linked Frameworks */ = {
			isa = PBXGroup;
			children = (
				22F5BB211587FA90006E8BD4 /* IOKit.framework */,
				22F159B11A1ABD480023182C /* Quartz.framework */,
				2237C1E115C2011A000FF3A4 /* Cocoa.framework */,
			);
			name = "Linked Frameworks";
			sourceTree = "<group>";
		};
		1058C7A8FEA54F5311CA2CBB /* Other Frameworks */ = {
			isa = PBXGroup;
			children = (
				2A37F4C4FDCFA73011CA2CEA /* AppKit.framework */,
				13E42FBA07B3F13500E4EEF1 /* CoreData.framework */,
				2A37F4C5FDCFA73011CA2CEA /* Foundation.framework */,
				22EFA5B918441A490018C2BF /* Accelerate.framework */,
				22F159AD1A19F6AA0023182C /* libpng.dylib */,
				22F159AE1A19F6AA0023182C /* libjpeg.dylib */,
			);
			name = "Other Frameworks";
			sourceTree = "<group>";
		};
		19C28FB0FE9D524F11CA2CBB /* Products */ = {
			isa = PBXGroup;
			children = (
				8D15AC370486D014006FF6A4 /* Optima.app */,
			);
			name = Products;
			sourceTree = "<group>";
		};
		22F159A51A19F5F80023182C /* MathLib */ = {
			isa = PBXGroup;
			children = (
				22F159A61A19F5F80023182C /* IKAROS_Math.cc */,
				22F159A71A19F5F80023182C /* IKAROS_Math.h */,
				22F159A81A19F5F80023182C /* IKAROS_System.h */,
				22F159AA1A19F67A0023182C /* IKAROS_Utils.cc */,
				22F159AB1A19F67A0023182C /* IKAROS_Utils.h */,
			);
			path = MathLib;
			sourceTree = "<group>";
		};
		2A37F4AAFDCFA73011CA2CEA /* Optima */ = {
			isa = PBXGroup;
			children = (
				2A37F4ABFDCFA73011CA2CEA /* Classes */,
				22F159A51A19F5F80023182C /* MathLib */,
				2A37F4AFFDCFA73011CA2CEA /* Other Sources */,
				2A37F4B8FDCFA73011CA2CEA /* Resources */,
				2A37F4C3FDCFA73011CA2CEA /* Frameworks */,
				19C28FB0FE9D524F11CA2CBB /* Products */,
				22F588CE1AB479FA00E68F39 /* Readme.md */,
			);
			name = Optima;
			sourceTree = "<group>";
		};
		2A37F4ABFDCFA73011CA2CEA /* Classes */ = {
			isa = PBXGroup;
			children = (
				2299E1CA11F70BE100B01EA9 /* AppController.h */,
				2299E1CB11F70BE100B01EA9 /* AppController.m */,
				22344689120DAA910017F3CC /* StatExtensions.h */,
				2234468A120DAA910017F3CC /* StatExtensions.m */,
				2299D5DC11EA717A00B01EA9 /* OpticalImage.h */,
				2299D5DB11EA717A00B01EA9 /* OpticalImage.M */,
			);
			name = Classes;
			sourceTree = "<group>";
		};
		2A37F4AFFDCFA73011CA2CEA /* Other Sources */ = {
			isa = PBXGroup;
			children = (
				2564AD2C0F5327BB00F57823 /* Optima_Prefix.pch */,
				2A37F4B0FDCFA73011CA2CEA /* main.m */,
			);
			name = "Other Sources";
			sourceTree = "<group>";
		};
		2A37F4B8FDCFA73011CA2CEA /* Resources */ = {
			isa = PBXGroup;
			children = (
				2294ACE211FDAF5D00EA755D /* Ping.aiff */,
				2A37F4B9FDCFA73011CA2CEA /* Credits.rtf */,
				8D15AC360486D014006FF6A4 /* Optima-Info.plist */,
				089C165FFE840EACC02AAC07 /* InfoPlist.strings */,
				1DDD582A0DA1D0D100B32029 /* MainMenu.xib */,
			);
			name = Resources;
			sourceTree = "<group>";
		};
		2A37F4C3FDCFA73011CA2CEA /* Frameworks */ = {
			isa = PBXGroup;
			children = (
				1058C7A6FEA54F5311CA2CBB /* Linked Frameworks */,
				1058C7A8FEA54F5311CA2CBB /* Other Frameworks */,
			);
			name = Frameworks;
			sourceTree = "<group>";
		};
/* End PBXGroup section */

/* Begin PBXNativeTarget section */
		8D15AC270486D014006FF6A4 /* Optima */ = {
			isa = PBXNativeTarget;
			buildConfigurationList = C05733C708A9546B00998B17 /* Build configuration list for PBXNativeTarget "Optima" */;
			buildPhases = (
				8D15AC2B0486D014006FF6A4 /* Resources */,
				8D15AC300486D014006FF6A4 /* Sources */,
				8D15AC330486D014006FF6A4 /* Frameworks */,
			);
			buildRules = (
			);
			dependencies = (
			);
			name = Optima;
			productInstallPath = "$(HOME)/Applications";
			productName = Optima;
			productReference = 8D15AC370486D014006FF6A4 /* Optima.app */;
			productType = "com.apple.product-type.application";
		};
/* End PBXNativeTarget section */

/* Begin PBXProject section */
		2A37F4A9FDCFA73011CA2CEA /* Project object */ = {
			isa = PBXProject;
			attributes = {
				LastUpgradeCheck = 0610;
			};
			buildConfigurationList = C05733CB08A9546B00998B17 /* Build configuration list for PBXProject "Optima" */;
			compatibilityVersion = "Xcode 3.2";
			developmentRegion = English;
			hasScannedForEncodings = 1;
			knownRegions = (
				en,
			);
			mainGroup = 2A37F4AAFDCFA73011CA2CEA /* Optima */;
			projectDirPath = "";
			projectRoot = "";
			targets = (
				8D15AC270486D014006FF6A4 /* Optima */,
			);
		};
/* End PBXProject section */

/* Begin PBXResourcesBuildPhase section */
		8D15AC2B0486D014006FF6A4 /* Resources */ = {
			isa = PBXResourcesBuildPhase;
			buildActionMask = 2147483647;
			files = (
				8D15AC2C0486D014006FF6A4 /* Credits.rtf in Resources */,
				8D15AC2F0486D014006FF6A4 /* InfoPlist.strings in Resources */,
				1DDD582D0DA1D0D100B32029 /* MainMenu.xib in Resources */,
				2294ACE311FDAF5D00EA755D /* Ping.aiff in Resources */,
			);
			runOnlyForDeploymentPostprocessing = 0;
		};
/* End PBXResourcesBuildPhase section */

/* Begin PBXSourcesBuildPhase section */
		8D15AC300486D014006FF6A4 /* Sources */ = {
			isa = PBXSourcesBuildPhase;
			buildActionMask = 2147483647;
			files = (
				8D15AC320486D014006FF6A4 /* main.m in Sources */,
				2299D5DD11EA717A00B01EA9 /* OpticalImage.M in Sources */,
				2299E1CC11F70BE100B01EA9 /* AppController.m in Sources */,
				22F159AC1A19F67A0023182C /* IKAROS_Utils.cc in Sources */,
				2234468B120DAA910017F3CC /* StatExtensions.m in Sources */,
				22F159A91A19F5F80023182C /* IKAROS_Math.cc in Sources */,
			);
			runOnlyForDeploymentPostprocessing = 0;
		};
/* End PBXSourcesBuildPhase section */

/* Begin PBXVariantGroup section */
		089C165FFE840EACC02AAC07 /* InfoPlist.strings */ = {
			isa = PBXVariantGroup;
			children = (
				089C1660FE840EACC02AAC07 /* English */,
			);
			name = InfoPlist.strings;
			sourceTree = "<group>";
		};
		1DDD582A0DA1D0D100B32029 /* MainMenu.xib */ = {
			isa = PBXVariantGroup;
			children = (
				1DDD582B0DA1D0D100B32029 /* English */,
			);
			name = MainMenu.xib;
			sourceTree = "<group>";
		};
		2A37F4B9FDCFA73011CA2CEA /* Credits.rtf */ = {
			isa = PBXVariantGroup;
			children = (
				2A37F4BAFDCFA73011CA2CEA /* English */,
			);
			name = Credits.rtf;
			sourceTree = "<group>";
		};
/* End PBXVariantGroup section */

/* Begin XCBuildConfiguration section */
		C05733C808A9546B00998B17 /* Debug */ = {
			isa = XCBuildConfiguration;
			buildSettings = {
				ALWAYS_SEARCH_USER_PATHS = NO;
				COMBINE_HIDPI_IMAGES = YES;
				COPY_PHASE_STRIP = NO;
				FRAMEWORK_SEARCH_PATHS = "/usr/lib/**";
				GCC_DYNAMIC_NO_PIC = NO;
				GCC_ENABLE_FIX_AND_CONTINUE = YES;
				GCC_MODEL_TUNING = G5;
				GCC_OPTIMIZATION_LEVEL = 0;
				GCC_PRECOMPILE_PREFIX_HEADER = YES;
				GCC_PREFIX_HEADER = Optima_Prefix.pch;
				HEADER_SEARCH_PATHS = (
					"$(inherited)",
					/Applications/Xcode.app/Contents/Developer/Toolchains/XcodeDefault.xctoolchain/usr/include,
					"/usr/local/include/**",
				);
				INFOPLIST_FILE = "Optima-Info.plist";
				INSTALL_PATH = "$(HOME)/Applications";
				LIBRARY_SEARCH_PATHS = (
					"$(inherited)",
					"/opt/libjpeg-turbo/lib",
					"/usr/local/lib/**",
					"/usr/lib/**",
				);
				MACOSX_DEPLOYMENT_TARGET = 10.6;
				PRODUCT_NAME = Optima;
			};
			name = Debug;
		};
		C05733C908A9546B00998B17 /* Release */ = {
			isa = XCBuildConfiguration;
			buildSettings = {
				ALWAYS_SEARCH_USER_PATHS = NO;
				COMBINE_HIDPI_IMAGES = YES;
				DEBUG_INFORMATION_FORMAT = "dwarf-with-dsym";
				FRAMEWORK_SEARCH_PATHS = "/usr/lib/**";
				GCC_MODEL_TUNING = G5;
				GCC_PRECOMPILE_PREFIX_HEADER = YES;
				GCC_PREFIX_HEADER = Optima_Prefix.pch;
				HEADER_SEARCH_PATHS = (
					"$(inherited)",
					/Applications/Xcode.app/Contents/Developer/Toolchains/XcodeDefault.xctoolchain/usr/include,
					"/usr/local/include/**",
				);
				INFOPLIST_FILE = "Optima-Info.plist";
				INSTALL_PATH = "$(HOME)/Applications";
				LIBRARY_SEARCH_PATHS = (
					"$(inherited)",
					"/opt/libjpeg-turbo/lib",
					"/usr/local/lib/**",
					"/usr/lib/**",
				);
				MACOSX_DEPLOYMENT_TARGET = 10.6;
				PRODUCT_NAME = Optima;
			};
			name = Release;
		};
		C05733CC08A9546B00998B17 /* Debug */ = {
			isa = XCBuildConfiguration;
			buildSettings = {
				CLANG_ENABLE_OBJC_ARC = YES;
				GCC_C_LANGUAGE_STANDARD = gnu99;
				GCC_OPTIMIZATION_LEVEL = 0;
				GCC_WARN_ABOUT_RETURN_TYPE = YES;
				GCC_WARN_UNUSED_VARIABLE = YES;
				MACOSX_DEPLOYMENT_TARGET = "";
				ONLY_ACTIVE_ARCH = YES;
				PREBINDING = NO;
				SDKROOT = macosx;
			};
			name = Debug;
		};
		C05733CD08A9546B00998B17 /* Release */ = {
			isa = XCBuildConfiguration;
			buildSettings = {
				CLANG_ENABLE_OBJC_ARC = YES;
				GCC_C_LANGUAGE_STANDARD = gnu99;
				GCC_WARN_ABOUT_RETURN_TYPE = YES;
				GCC_WARN_UNUSED_VARIABLE = YES;
				MACOSX_DEPLOYMENT_TARGET = "";
				PREBINDING = NO;
				SDKROOT = macosx;
			};
			name = Release;
		};
/* End XCBuildConfiguration section */

/* Begin XCConfigurationList section */
		C05733C708A9546B00998B17 /* Build configuration list for PBXNativeTarget "Optima" */ = {
			isa = XCConfigurationList;
			buildConfigurations = (
				C05733C808A9546B00998B17 /* Debug */,
				C05733C908A9546B00998B17 /* Release */,
			);
			defaultConfigurationIsVisible = 0;
			defaultConfigurationName = Release;
		};
		C05733CB08A9546B00998B17 /* Build configuration list for PBXProject "Optima" */ = {
			isa = XCConfigurationList;
			buildConfigurations = (
				C05733CC08A9546B00998B17 /* Debug */,
				C05733CD08A9546B00998B17 /* Release */,
			);
			defaultConfigurationIsVisible = 0;
			defaultConfigurationName = Release;
		};
/* End XCConfigurationList section */
	};
	rootObject = 2A37F4A9FDCFA73011CA2CEA /* Project object */;
}
